
Microsoft Visual Studio Solution File, Format Version 12.00
# Visual Studio Version 16
VisualStudioVersion = 16.0.29926.136
MinimumVisualStudioVersion = 10.0.40219.1
Project("{FAE04EC0-301F-11D3-BF4B-00C04F79EFBC}") = "FaturaApp", "WindowsFormsApp3\FaturaApp.csproj", "{0C0423ED-26B1-4530-AA36-B67ECBAD5FC4}"
EndProject
Global
	GlobalSection(SolutionConfigurationPlatforms) = preSolution
		Debug|Any CPU = Debug|Any CPU
		Release|Any CPU = Release|Any CPU
	EndGlobalSection
	GlobalSection(ProjectConfigurationPlatforms) = postSolution
		{0C0423ED-26B1-4530-AA36-B67ECBAD5FC4}.Debug|Any CPU.ActiveCfg = Debug|Any CPU
		{0C0423ED-26B1-4530-AA36-B67ECBAD5FC4}.Debug|Any CPU.Build.0 = Debug|Any CPU
		{0C0423ED-26B1-4530-AA36-B67ECBAD5FC4}.Release|Any CPU.ActiveCfg = Release|Any CPU
		{0C0423ED-26B1-4530-AA36-B67ECBAD5FC4}.Release|Any CPU.Build.0 = Release|Any CPU
	EndGlobalSection
	GlobalSection(SolutionProperties) = preSolution
		HideSolutionNode = FALSE
	EndGlobalSection
	GlobalSection(ExtensibilityGlobals) = postSolution
		SolutionGuid = {4A8EC87F-F95C-43CD-A1D4-BAC4E552C7FC}
	EndGlobalSection
EndGlobal
